
Microsoft Visual Studio Solution File, Format Version 12.00
# Visual Studio Version 17
VisualStudioVersion = 17.1.32328.378
MinimumVisualStudioVersion = 10.0.40219.1
Project("{9A19103F-16F7-4668-BE54-9A1E7A4F7556}") = "SampleApi", "SampleApi\SampleApi.csproj", "{B6ACD25B-3743-4F4D-A0B5-E7856BE1F975}"
EndProject
Project("{FAE04EC0-301F-11D3-BF4B-00C04F79EFBC}") = "MetricsProvider", "MetricsProvider\MetricsProvider.csproj", "{05C04BC5-6B8B-4184-9BEF-5C38E75B7E7F}"
EndProject
Global
	GlobalSection(SolutionConfigurationPlatforms) = preSolution
		Debug|Any CPU = Debug|Any CPU
		Release|Any CPU = Release|Any CPU
	EndGlobalSection
	GlobalSection(ProjectConfigurationPlatforms) = postSolution
		{B6ACD25B-3743-4F4D-A0B5-E7856BE1F975}.Debug|Any CPU.ActiveCfg = Debug|Any CPU
		{B6ACD25B-3743-4F4D-A0B5-E7856BE1F975}.Debug|Any CPU.Build.0 = Debug|Any CPU
		{B6ACD25B-3743-4F4D-A0B5-E7856BE1F975}.Release|Any CPU.ActiveCfg = Release|Any CPU
		{B6ACD25B-3743-4F4D-A0B5-E7856BE1F975}.Release|Any CPU.Build.0 = Release|Any CPU
		{05C04BC5-6B8B-4184-9BEF-5C38E75B7E7F}.Debug|Any CPU.ActiveCfg = Debug|Any CPU
		{05C04BC5-6B8B-4184-9BEF-5C38E75B7E7F}.Debug|Any CPU.Build.0 = Debug|Any CPU
		{05C04BC5-6B8B-4184-9BEF-5C38E75B7E7F}.Release|Any CPU.ActiveCfg = Release|Any CPU
		{05C04BC5-6B8B-4184-9BEF-5C38E75B7E7F}.Release|Any CPU.Build.0 = Release|Any CPU
	EndGlobalSection
	GlobalSection(SolutionProperties) = preSolution
		HideSolutionNode = FALSE
	EndGlobalSection
	GlobalSection(ExtensibilityGlobals) = postSolution
		SolutionGuid = {97207D3C-954E-480E-B645-FFEED963A663}
	EndGlobalSection
EndGlobal
